{
  "requires": true,
  "lockfileVersion": 1,
  "dependencies": {
    "@ckeditor/ckeditor5-build-decoupled-document": {
      "version": "10.0.0",
      "resolved": "https://registry.npmjs.org/@ckeditor/ckeditor5-build-decoupled-document/-/ckeditor5-build-decoupled-document-10.0.0.tgz",
      "integrity": "sha1-DaxfFBQ35TlcUPQXIs36464KiUo="
    }
  }
}
